
Microsoft Visual Studio Solution File, Format Version 12.00
# Visual Studio Version 17
VisualStudioVersion = 17.3.32901.215
MinimumVisualStudioVersion = 10.0.40219.1
Project("{FAE04EC0-301F-11D3-BF4B-00C04F79EFBC}") = "TestLab1", "TestLab1\TestLab1.csproj", "{AA48A40A-07A9-4B3F-B1EE-6382AEC128A5}"
EndProject
Project("{FAE04EC0-301F-11D3-BF4B-00C04F79EFBC}") = "TestLab2", "TestLab2\TestLab2.csproj", "{EEE396FF-87EF-4993-ADD8-77A51E45B30C}"
EndProject
Global
	GlobalSection(SolutionConfigurationPlatforms) = preSolution
		Debug|Any CPU = Debug|Any CPU
		Release|Any CPU = Release|Any CPU
	EndGlobalSection
	GlobalSection(ProjectConfigurationPlatforms) = postSolution
		{AA48A40A-07A9-4B3F-B1EE-6382AEC128A5}.Debug|Any CPU.ActiveCfg = Debug|Any CPU
		{AA48A40A-07A9-4B3F-B1EE-6382AEC128A5}.Debug|Any CPU.Build.0 = Debug|Any CPU
		{AA48A40A-07A9-4B3F-B1EE-6382AEC128A5}.Release|Any CPU.ActiveCfg = Release|Any CPU
		{AA48A40A-07A9-4B3F-B1EE-6382AEC128A5}.Release|Any CPU.Build.0 = Release|Any CPU
		{EEE396FF-87EF-4993-ADD8-77A51E45B30C}.Debug|Any CPU.ActiveCfg = Debug|Any CPU
		{EEE396FF-87EF-4993-ADD8-77A51E45B30C}.Debug|Any CPU.Build.0 = Debug|Any CPU
		{EEE396FF-87EF-4993-ADD8-77A51E45B30C}.Release|Any CPU.ActiveCfg = Release|Any CPU
		{EEE396FF-87EF-4993-ADD8-77A51E45B30C}.Release|Any CPU.Build.0 = Release|Any CPU
	EndGlobalSection
	GlobalSection(SolutionProperties) = preSolution
		HideSolutionNode = FALSE
	EndGlobalSection
	GlobalSection(ExtensibilityGlobals) = postSolution
		SolutionGuid = {C24B9DE4-033D-4376-AE5C-D395B121C192}
	EndGlobalSection
EndGlobal
